
Microsoft Visual Studio Solution File, Format Version 12.00
# Visual Studio 15
VisualStudioVersion = 15.0.28307.168
MinimumVisualStudioVersion = 10.0.40219.1
Project("{9A19103F-16F7-4668-BE54-9A1E7A4F7556}") = "Forum.MVC", "Forum\Forum.MVC.csproj", "{B619EF1B-434B-49A0-9E4E-3B2C585B4CDA}"
EndProject
Project("{9A19103F-16F7-4668-BE54-9A1E7A4F7556}") = "Forum.Persistence", "Forum.Data\Forum.Persistence.csproj", "{8B7C5A7A-F156-4F78-A852-254FB756F510}"
EndProject
Project("{FAE04EC0-301F-11D3-BF4B-00C04F79EFBC}") = "Forum.Domain", "Forum.Domain\Forum.Domain.csproj", "{7F8B8BFA-713A-4D7B-8243-4F56E918E615}"
EndProject
Global
	GlobalSection(SolutionConfigurationPlatforms) = preSolution
		Debug|Any CPU = Debug|Any CPU
		Release|Any CPU = Release|Any CPU
	EndGlobalSection
	GlobalSection(ProjectConfigurationPlatforms) = postSolution
		{B619EF1B-434B-49A0-9E4E-3B2C585B4CDA}.Debug|Any CPU.ActiveCfg = Debug|Any CPU
		{B619EF1B-434B-49A0-9E4E-3B2C585B4CDA}.Debug|Any CPU.Build.0 = Debug|Any CPU
		{B619EF1B-434B-49A0-9E4E-3B2C585B4CDA}.Release|Any CPU.ActiveCfg = Release|Any CPU
		{B619EF1B-434B-49A0-9E4E-3B2C585B4CDA}.Release|Any CPU.Build.0 = Release|Any CPU
		{8B7C5A7A-F156-4F78-A852-254FB756F510}.Debug|Any CPU.ActiveCfg = Debug|Any CPU
		{8B7C5A7A-F156-4F78-A852-254FB756F510}.Debug|Any CPU.Build.0 = Debug|Any CPU
		{8B7C5A7A-F156-4F78-A852-254FB756F510}.Release|Any CPU.ActiveCfg = Release|Any CPU
		{8B7C5A7A-F156-4F78-A852-254FB756F510}.Release|Any CPU.Build.0 = Release|Any CPU
		{7F8B8BFA-713A-4D7B-8243-4F56E918E615}.Debug|Any CPU.ActiveCfg = Debug|Any CPU
		{7F8B8BFA-713A-4D7B-8243-4F56E918E615}.Debug|Any CPU.Build.0 = Debug|Any CPU
		{7F8B8BFA-713A-4D7B-8243-4F56E918E615}.Release|Any CPU.ActiveCfg = Release|Any CPU
		{7F8B8BFA-713A-4D7B-8243-4F56E918E615}.Release|Any CPU.Build.0 = Release|Any CPU
	EndGlobalSection
	GlobalSection(SolutionProperties) = preSolution
		HideSolutionNode = FALSE
	EndGlobalSection
	GlobalSection(ExtensibilityGlobals) = postSolution
		SolutionGuid = {E1326A03-32FF-4AEE-865D-9EA333EF864F}
	EndGlobalSection
EndGlobal
